// !$*UTF8*$!
{
	archiveVersion = 1;
	classes = {
	};
	objectVersion = 48;
	objects = {

/* Begin PBXBuildFile section */
		086FC95C2040BD68005FEA43 /* AppDelegate.swift in Sources */ = {isa = PBXBuildFile; fileRef = 086FC95B2040BD68005FEA43 /* AppDelegate.swift */; };
		086FC95E2040BD68005FEA43 /* ComicViewController.swift in Sources */ = {isa = PBXBuildFile; fileRef = 086FC95D2040BD68005FEA43 /* ComicViewController.swift */; };
		086FC9612040BD68005FEA43 /* Main.storyboard in Resources */ = {isa = PBXBuildFile; fileRef = 086FC95F2040BD68005FEA43 /* Main.storyboard */; };
		086FC9632040BD68005FEA43 /* Assets.xcassets in Resources */ = {isa = PBXBuildFile; fileRef = 086FC9622040BD68005FEA43 /* Assets.xcassets */; };
		086FC9662040BD68005FEA43 /* LaunchScreen.storyboard in Resources */ = {isa = PBXBuildFile; fileRef = 086FC9642040BD68005FEA43 /* LaunchScreen.storyboard */; };
		086FC96F2040C475005FEA43 /* ComicCanvas.xib in Resources */ = {isa = PBXBuildFile; fileRef = 086FC96E2040C475005FEA43 /* ComicCanvas.xib */; };
		086FC9722040C82F005FEA43 /* ComicCanvas.swift in Sources */ = {isa = PBXBuildFile; fileRef = 086FC9712040C82F005FEA43 /* ComicCanvas.swift */; };
		086FC9742040CAF6005FEA43 /* ComicPanelGroupView.swift in Sources */ = {isa = PBXBuildFile; fileRef = 086FC9732040CAF6005FEA43 /* ComicPanelGroupView.swift */; };
		086FC9792040CC76005FEA43 /* ComicTableViewDataSource.swift in Sources */ = {isa = PBXBuildFile; fileRef = 086FC9782040CC76005FEA43 /* ComicTableViewDataSource.swift */; };
		086FC97B2040CF64005FEA43 /* ComicPanelGroupTableViewCell.swift in Sources */ = {isa = PBXBuildFile; fileRef = 086FC97A2040CF64005FEA43 /* ComicPanelGroupTableViewCell.swift */; };
		086FC97F2040DC72005FEA43 /* ComicPanelView.swift in Sources */ = {isa = PBXBuildFile; fileRef = 086FC97E2040DC72005FEA43 /* ComicPanelView.swift */; };
/* End PBXBuildFile section */

/* Begin PBXFileReference section */
		086FC9582040BD68005FEA43 /* futureofcomics.app */ = {isa = PBXFileReference; explicitFileType = wrapper.application; includeInIndex = 0; path = futureofcomics.app; sourceTree = BUILT_PRODUCTS_DIR; };
		086FC95B2040BD68005FEA43 /* AppDelegate.swift */ = {isa = PBXFileReference; lastKnownFileType = sourcecode.swift; path = AppDelegate.swift; sourceTree = "<group>"; };
		086FC95D2040BD68005FEA43 /* ComicViewController.swift */ = {isa = PBXFileReference; lastKnownFileType = sourcecode.swift; path = ComicViewController.swift; sourceTree = "<group>"; };
		086FC9602040BD68005FEA43 /* Base */ = {isa = PBXFileReference; lastKnownFileType = file.storyboard; name = Base; path = Base.lproj/Main.storyboard; sourceTree = "<group>"; };
		086FC9622040BD68005FEA43 /* Assets.xcassets */ = {isa = PBXFileReference; lastKnownFileType = folder.assetcatalog; path = Assets.xcassets; sourceTree = "<group>"; };
		086FC9652040BD68005FEA43 /* Base */ = {isa = PBXFileReference; lastKnownFileType = file.storyboard; name = Base; path = Base.lproj/LaunchScreen.storyboard; sourceTree = "<group>"; };
		086FC9672040BD68005FEA43 /* Info.plist */ = {isa = PBXFileReference; lastKnownFileType = text.plist.xml; path = Info.plist; sourceTree = "<group>"; };
		086FC96E2040C475005FEA43 /* ComicCanvas.xib */ = {isa = PBXFileReference; lastKnownFileType = file.xib; path = ComicCanvas.xib; sourceTree = "<group>"; };
		086FC9712040C82F005FEA43 /* ComicCanvas.swift */ = {isa = PBXFileReference; lastKnownFileType = sourcecode.swift; path = ComicCanvas.swift; sourceTree = "<group>"; };
		086FC9732040CAF6005FEA43 /* ComicPanelGroupView.swift */ = {isa = PBXFileReference; lastKnownFileType = sourcecode.swift; path = ComicPanelGroupView.swift; sourceTree = "<group>"; };
		086FC9782040CC76005FEA43 /* ComicTableViewDataSource.swift */ = {isa = PBXFileReference; lastKnownFileType = sourcecode.swift; path = ComicTableViewDataSource.swift; sourceTree = "<group>"; };
		086FC97A2040CF64005FEA43 /* ComicPanelGroupTableViewCell.swift */ = {isa = PBXFileReference; lastKnownFileType = sourcecode.swift; path = ComicPanelGroupTableViewCell.swift; sourceTree = "<group>"; };
		086FC97E2040DC72005FEA43 /* ComicPanelView.swift */ = {isa = PBXFileReference; lastKnownFileType = sourcecode.swift; path = ComicPanelView.swift; sourceTree = "<group>"; };
/* End PBXFileReference section */

/* Begin PBXFrameworksBuildPhase section */
		086FC9552040BD68005FEA43 /* Frameworks */ = {
			isa = PBXFrameworksBuildPhase;
			buildActionMask = 2147483647;
			files = (
			);
			runOnlyForDeploymentPostprocessing = 0;
		};
/* End PBXFrameworksBuildPhase section */

/* Begin PBXGroup section */
		080324AF20975CFD009EC88D /* Internal */ = {
			isa = PBXGroup;
			children = (
				086FC95B2040BD68005FEA43 /* AppDelegate.swift */,
				086FC95F2040BD68005FEA43 /* Main.storyboard */,
				086FC9642040BD68005FEA43 /* LaunchScreen.storyboard */,
				086FC9762040CC30005FEA43 /* Entities */,
				086FC9772040CC36005FEA43 /* UI */,
			);
			path = Internal;
			sourceTree = "<group>";
		};
		086FC94F2040BD68005FEA43 = {
			isa = PBXGroup;
			children = (
				086FC95A2040BD68005FEA43 /* futureofcomics */,
				086FC9592040BD68005FEA43 /* Products */,
			);
			sourceTree = "<group>";
		};
		086FC9592040BD68005FEA43 /* Products */ = {
			isa = PBXGroup;
			children = (
				086FC9582040BD68005FEA43 /* futureofcomics.app */,
			);
			name = Products;
			sourceTree = "<group>";
		};
		086FC95A2040BD68005FEA43 /* futureofcomics */ = {
			isa = PBXGroup;
			children = (
				086FC96E2040C475005FEA43 /* ComicCanvas.xib */,
				086FC9622040BD68005FEA43 /* Assets.xcassets */,
				080324AF20975CFD009EC88D /* Internal */,
				086FC9672040BD68005FEA43 /* Info.plist */,
			);
			path = futureofcomics;
			sourceTree = "<group>";
		};
		086FC9752040CC20005FEA43 /* TableView */ = {
			isa = PBXGroup;
			children = (
				086FC9782040CC76005FEA43 /* ComicTableViewDataSource.swift */,
				086FC97A2040CF64005FEA43 /* ComicPanelGroupTableViewCell.swift */,
			);
			path = TableView;
			sourceTree = "<group>";
		};
		086FC9762040CC30005FEA43 /* Entities */ = {
			isa = PBXGroup;
			children = (
				086FC9712040C82F005FEA43 /* ComicCanvas.swift */,
				086FC9732040CAF6005FEA43 /* ComicPanelGroupView.swift */,
				086FC97E2040DC72005FEA43 /* ComicPanelView.swift */,
			);
			path = Entities;
			sourceTree = "<group>";
		};
		086FC9772040CC36005FEA43 /* UI */ = {
			isa = PBXGroup;
			children = (
				086FC95D2040BD68005FEA43 /* ComicViewController.swift */,
				086FC9752040CC20005FEA43 /* TableView */,
			);
			path = UI;
			sourceTree = "<group>";
		};
/* End PBXGroup section */

/* Begin PBXNativeTarget section */
		086FC9572040BD68005FEA43 /* futureofcomics */ = {
			isa = PBXNativeTarget;
			buildConfigurationList = 086FC96A2040BD68005FEA43 /* Build configuration list for PBXNativeTarget "futureofcomics" */;
			buildPhases = (
				086FC9542040BD68005FEA43 /* Sources */,
				086FC9552040BD68005FEA43 /* Frameworks */,
				086FC9562040BD68005FEA43 /* Resources */,
			);
			buildRules = (
			);
			dependencies = (
			);
			name = futureofcomics;
			productName = futureofcomics;
			productReference = 086FC9582040BD68005FEA43 /* futureofcomics.app */;
			productType = "com.apple.product-type.application";
		};
/* End PBXNativeTarget section */

/* Begin PBXProject section */
		086FC9502040BD68005FEA43 /* Project object */ = {
			isa = PBXProject;
			attributes = {
				LastSwiftUpdateCheck = 0920;
				LastUpgradeCheck = 0920;
				ORGANIZATIONNAME = "Diego Cruz";
				TargetAttributes = {
					086FC9572040BD68005FEA43 = {
						CreatedOnToolsVersion = 9.2;
						ProvisioningStyle = Automatic;
					};
				};
			};
			buildConfigurationList = 086FC9532040BD68005FEA43 /* Build configuration list for PBXProject "futureofcomics" */;
			compatibilityVersion = "Xcode 8.0";
			developmentRegion = en;
			hasScannedForEncodings = 0;
			knownRegions = (
				en,
				Base,
			);
			mainGroup = 086FC94F2040BD68005FEA43;
			productRefGroup = 086FC9592040BD68005FEA43 /* Products */;
			projectDirPath = "";
			projectRoot = "";
			targets = (
				086FC9572040BD68005FEA43 /* futureofcomics */,
			);
		};
/* End PBXProject section */

/* Begin PBXResourcesBuildPhase section */
		086FC9562040BD68005FEA43 /* Resources */ = {
			isa = PBXResourcesBuildPhase;
			buildActionMask = 2147483647;
			files = (
				086FC9662040BD68005FEA43 /* LaunchScreen.storyboard in Resources */,
				086FC9632040BD68005FEA43 /* Assets.xcassets in Resources */,
				086FC9612040BD68005FEA43 /* Main.storyboard in Resources */,
				086FC96F2040C475005FEA43 /* ComicCanvas.xib in Resources */,
			);
			runOnlyForDeploymentPostprocessing = 0;
		};
/* End PBXResourcesBuildPhase section */

/* Begin PBXSourcesBuildPhase section */
		086FC9542040BD68005FEA43 /* Sources */ = {
			isa = PBXSourcesBuildPhase;
			buildActionMask = 2147483647;
			files = (
				086FC9742040CAF6005FEA43 /* ComicPanelGroupView.swift in Sources */,
				086FC95E2040BD68005FEA43 /* ComicViewController.swift in Sources */,
				086FC97B2040CF64005FEA43 /* ComicPanelGroupTableViewCell.swift in Sources */,
				086FC9722040C82F005FEA43 /* ComicCanvas.swift in Sources */,
				086FC97F2040DC72005FEA43 /* ComicPanelView.swift in Sources */,
				086FC9792040CC76005FEA43 /* ComicTableViewDataSource.swift in Sources */,
				086FC95C2040BD68005FEA43 /* AppDelegate.swift in Sources */,
			);
			runOnlyForDeploymentPostprocessing = 0;
		};
/* End PBXSourcesBuildPhase section */

/* Begin PBXVariantGroup section */
		086FC95F2040BD68005FEA43 /* Main.storyboard */ = {
			isa = PBXVariantGroup;
			children = (
				086FC9602040BD68005FEA43 /* Base */,
			);
			name = Main.storyboard;
			sourceTree = "<group>";
		};
		086FC9642040BD68005FEA43 /* LaunchScreen.storyboard */ = {
			isa = PBXVariantGroup;
			children = (
				086FC9652040BD68005FEA43 /* Base */,
			);
			name = LaunchScreen.storyboard;
			sourceTree = "<group>";
		};
/* End PBXVariantGroup section */

/* Begin XCBuildConfiguration section */
		086FC9682040BD68005FEA43 /* Debug */ = {
			isa = XCBuildConfiguration;
			buildSettings = {
				ALWAYS_SEARCH_USER_PATHS = NO;
				CLANG_ANALYZER_NONNULL = YES;
				CLANG_ANALYZER_NUMBER_OBJECT_CONVERSION = YES_AGGRESSIVE;
				CLANG_CXX_LANGUAGE_STANDARD = "gnu++14";
				CLANG_CXX_LIBRARY = "libc++";
				CLANG_ENABLE_MODULES = YES;
				CLANG_ENABLE_OBJC_ARC = YES;
				CLANG_WARN_BLOCK_CAPTURE_AUTORELEASING = YES;
				CLANG_WARN_BOOL_CONVERSION = YES;
				CLANG_WARN_COMMA = YES;
				CLANG_WARN_CONSTANT_CONVERSION = YES;
				CLANG_WARN_DIRECT_OBJC_ISA_USAGE = YES_ERROR;
				CLANG_WARN_DOCUMENTATION_COMMENTS = YES;
				CLANG_WARN_EMPTY_BODY = YES;
				CLANG_WARN_ENUM_CONVERSION = YES;
				CLANG_WARN_INFINITE_RECURSION = YES;
				CLANG_WARN_INT_CONVERSION = YES;
				CLANG_WARN_NON_LITERAL_NULL_CONVERSION = YES;
				CLANG_WARN_OBJC_LITERAL_CONVERSION = YES;
				CLANG_WARN_OBJC_ROOT_CLASS = YES_ERROR;
				CLANG_WARN_RANGE_LOOP_ANALYSIS = YES;
				CLANG_WARN_STRICT_PROTOTYPES = YES;
				CLANG_WARN_SUSPICIOUS_MOVE = YES;
				CLANG_WARN_UNGUARDED_AVAILABILITY = YES_AGGRESSIVE;
				CLANG_WARN_UNREACHABLE_CODE = YES;
				CLANG_WARN__DUPLICATE_METHOD_MATCH = YES;
				CODE_SIGN_IDENTITY = "iPhone Developer";
				COPY_PHASE_STRIP = NO;
				DEBUG_INFORMATION_FORMAT = dwarf;
				ENABLE_STRICT_OBJC_MSGSEND = YES;
				ENABLE_TESTABILITY = YES;
				GCC_C_LANGUAGE_STANDARD = gnu11;
				GCC_DYNAMIC_NO_PIC = NO;
				GCC_NO_COMMON_BLOCKS = YES;
				GCC_OPTIMIZATION_LEVEL = 0;
				GCC_PREPROCESSOR_DEFINITIONS = (
					"DEBUG=1",
					"$(inherited)",
				);
				GCC_WARN_64_TO_32_BIT_CONVERSION = YES;
				GCC_WARN_ABOUT_RETURN_TYPE = YES_ERROR;
				GCC_WARN_UNDECLARED_SELECTOR = YES;
				GCC_WARN_UNINITIALIZED_AUTOS = YES_AGGRESSIVE;
				GCC_WARN_UNUSED_FUNCTION = YES;
				GCC_WARN_UNUSED_VARIABLE = YES;
				IPHONEOS_DEPLOYMENT_TARGET = 11.2;
				MTL_ENABLE_DEBUG_INFO = YES;
				ONLY_ACTIVE_ARCH = YES;
				SDKROOT = iphoneos;
				SWIFT_ACTIVE_COMPILATION_CONDITIONS = DEBUG;
				SWIFT_OPTIMIZATION_LEVEL = "-Onone";
			};
			name = Debug;
		};
		086FC9692040BD68005FEA43 /* Release */ = {
			isa = XCBuildConfiguration;
			buildSettings = {
				ALWAYS_SEARCH_USER_PATHS = NO;
				CLANG_ANALYZER_NONNULL = YES;
				CLANG_ANALYZER_NUMBER_OBJECT_CONVERSION = YES_AGGRESSIVE;
				CLANG_CXX_LANGUAGE_STANDARD = "gnu++14";
				CLANG_CXX_LIBRARY = "libc++";
				CLANG_ENABLE_MODULES = YES;
				CLANG_ENABLE_OBJC_ARC = YES;
				CLANG_WARN_BLOCK_CAPTURE_AUTORELEASING = YES;
				CLANG_WARN_BOOL_CONVERSION = YES;
				CLANG_WARN_COMMA = YES;
				CLANG_WARN_CONSTANT_CONVERSION = YES;
				CLANG_WARN_DIRECT_OBJC_ISA_USAGE = YES_ERROR;
				CLANG_WARN_DOCUMENTATION_COMMENTS = YES;
				CLANG_WARN_EMPTY_BODY = YES;
				CLANG_WARN_ENUM_CONVERSION = YES;
				CLANG_WARN_INFINITE_RECURSION = YES;
				CLANG_WARN_INT_CONVERSION = YES;
				CLANG_WARN_NON_LITERAL_NULL_CONVERSION = YES;
				CLANG_WARN_OBJC_LITERAL_CONVERSION = YES;
				CLANG_WARN_OBJC_ROOT_CLASS = YES_ERROR;
				CLANG_WARN_RANGE_LOOP_ANALYSIS = YES;
				CLANG_WARN_STRICT_PROTOTYPES = YES;
				CLANG_WARN_SUSPICIOUS_MOVE = YES;
				CLANG_WARN_UNGUARDED_AVAILABILITY = YES_AGGRESSIVE;
				CLANG_WARN_UNREACHABLE_CODE = YES;
				CLANG_WARN__DUPLICATE_METHOD_MATCH = YES;
				CODE_SIGN_IDENTITY = "iPhone Developer";
				COPY_PHASE_STRIP = NO;
				DEBUG_INFORMATION_FORMAT = "dwarf-with-dsym";
				ENABLE_NS_ASSERTIONS = NO;
				ENABLE_STRICT_OBJC_MSGSEND = YES;
				GCC_C_LANGUAGE_STANDARD = gnu11;
				GCC_NO_COMMON_BLOCKS = YES;
				GCC_WARN_64_TO_32_BIT_CONVERSION = YES;
				GCC_WARN_ABOUT_RETURN_TYPE = YES_ERROR;
				GCC_WARN_UNDECLARED_SELECTOR = YES;
				GCC_WARN_UNINITIALIZED_AUTOS = YES_AGGRESSIVE;
				GCC_WARN_UNUSED_FUNCTION = YES;
				GCC_WARN_UNUSED_VARIABLE = YES;
				IPHONEOS_DEPLOYMENT_TARGET = 11.2;
				MTL_ENABLE_DEBUG_INFO = NO;
				SDKROOT = iphoneos;
				SWIFT_OPTIMIZATION_LEVEL = "-Owholemodule";
				VALIDATE_PRODUCT = YES;
			};
			name = Release;
		};
		086FC96B2040BD68005FEA43 /* Debug */ = {
			isa = XCBuildConfiguration;
			buildSettings = {
				ASSETCATALOG_COMPILER_APPICON_NAME = AppIcon;
				CODE_SIGN_STYLE = Automatic;
				DEVELOPMENT_TEAM = 7JV4Y98DUZ;
				INFOPLIST_FILE = futureofcomics/Info.plist;
				LD_RUNPATH_SEARCH_PATHS = "$(inherited) @executable_path/Frameworks";
				PRODUCT_BUNDLE_IDENTIFIER = com.cruzdiego.futureofcomics;
				PRODUCT_NAME = "$(TARGET_NAME)";
				SWIFT_VERSION = 4.0;
				TARGETED_DEVICE_FAMILY = "1,2";
			};
			name = Debug;
		};
		086FC96C2040BD68005FEA43 /* Release */ = {
			isa = XCBuildConfiguration;
			buildSettings = {
				ASSETCATALOG_COMPILER_APPICON_NAME = AppIcon;
				CODE_SIGN_STYLE = Automatic;
				DEVELOPMENT_TEAM = 7JV4Y98DUZ;
				INFOPLIST_FILE = futureofcomics/Info.plist;
				LD_RUNPATH_SEARCH_PATHS = "$(inherited) @executable_path/Frameworks";
				PRODUCT_BUNDLE_IDENTIFIER = com.cruzdiego.futureofcomics;
				PRODUCT_NAME = "$(TARGET_NAME)";
				SWIFT_VERSION = 4.0;
				TARGETED_DEVICE_FAMILY = "1,2";
			};
			name = Release;
		};
/* End XCBuildConfiguration section */

/* Begin XCConfigurationList section */
		086FC9532040BD68005FEA43 /* Build configuration list for PBXProject "futureofcomics" */ = {
			isa = XCConfigurationList;
			buildConfigurations = (
				086FC9682040BD68005FEA43 /* Debug */,
				086FC9692040BD68005FEA43 /* Release */,
			);
			defaultConfigurationIsVisible = 0;
			defaultConfigurationName = Release;
		};
		086FC96A2040BD68005FEA43 /* Build configuration list for PBXNativeTarget "futureofcomics" */ = {
			isa = XCConfigurationList;
			buildConfigurations = (
				086FC96B2040BD68005FEA43 /* Debug */,
				086FC96C2040BD68005FEA43 /* Release */,
			);
			defaultConfigurationIsVisible = 0;
			defaultConfigurationName = Release;
		};
/* End XCConfigurationList section */
	};
	rootObject = 086FC9502040BD68005FEA43 /* Project object */;
}
